
Microsoft Visual Studio Solution File, Format Version 12.00
# Visual Studio Version 17
VisualStudioVersion = 17.5.002.0
MinimumVisualStudioVersion = 10.0.40219.1
Project("{9A19103F-16F7-4668-BE54-9A1E7A4F7556}") = "Fakers.Frontend", "Fakers.Frontend\Fakers.Frontend.csproj", "{ACA05107-56ED-4B3F-AD78-FA9709A16CAD}"
EndProject
Project("{FAE04EC0-301F-11D3-BF4B-00C04F79EFBC}") = "Fakers.Backend", "Fakers.Backend\Fakers.Backend.csproj", "{FF915F7E-9F29-4BB8-AB5A-E508637BA2F3}"
EndProject
Global
	GlobalSection(SolutionConfigurationPlatforms) = preSolution
		Debug|Any CPU = Debug|Any CPU
		Release|Any CPU = Release|Any CPU
	EndGlobalSection
	GlobalSection(ProjectConfigurationPlatforms) = postSolution
		{ACA05107-56ED-4B3F-AD78-FA9709A16CAD}.Debug|Any CPU.ActiveCfg = Debug|Any CPU
		{ACA05107-56ED-4B3F-AD78-FA9709A16CAD}.Debug|Any CPU.Build.0 = Debug|Any CPU
		{ACA05107-56ED-4B3F-AD78-FA9709A16CAD}.Release|Any CPU.ActiveCfg = Release|Any CPU
		{ACA05107-56ED-4B3F-AD78-FA9709A16CAD}.Release|Any CPU.Build.0 = Release|Any CPU
		{FF915F7E-9F29-4BB8-AB5A-E508637BA2F3}.Debug|Any CPU.ActiveCfg = Debug|Any CPU
		{FF915F7E-9F29-4BB8-AB5A-E508637BA2F3}.Debug|Any CPU.Build.0 = Debug|Any CPU
		{FF915F7E-9F29-4BB8-AB5A-E508637BA2F3}.Release|Any CPU.ActiveCfg = Release|Any CPU
		{FF915F7E-9F29-4BB8-AB5A-E508637BA2F3}.Release|Any CPU.Build.0 = Release|Any CPU
	EndGlobalSection
	GlobalSection(SolutionProperties) = preSolution
		HideSolutionNode = FALSE
	EndGlobalSection
	GlobalSection(ExtensibilityGlobals) = postSolution
		SolutionGuid = {329F5998-4BFE-496B-8E9B-82FBEA9973D7}
	EndGlobalSection
EndGlobal
